{
  "name": "PhotoPrismFaceMarker",
  "lockfileVersion": 2,
  "requires": true,
  "packages": {
    "": {
      "devDependencies": {
        "chrome-types": "^0.1.240"
      }
    },
    "node_modules/chrome-types": {
      "version": "0.1.240",
      "resolved": "https://registry.npmjs.org/chrome-types/-/chrome-types-0.1.240.tgz",
      "integrity": "sha512-oF+HVNxu3MLJor4o+KbOy1lgVguk44YsTO68jZa90xEZZosJO3DUp7t4HYoelil5thjhp1ceEK4X/19GouMzpQ==",
      "dev": true
    }
  },
  "dependencies": {
    "chrome-types": {
      "version": "0.1.240",
      "resolved": "https://registry.npmjs.org/chrome-types/-/chrome-types-0.1.240.tgz",
      "integrity": "sha512-oF+HVNxu3MLJor4o+KbOy1lgVguk44YsTO68jZa90xEZZosJO3DUp7t4HYoelil5thjhp1ceEK4X/19GouMzpQ==",
      "dev": true
    }
  }
}
